{
  "name": "geetu",
  "version": "1.0.0",
  "lockfileVersion": 1,
  "requires": true,
  "dependencies": {
    "@types/jszip": {
      "version": "3.1.6",
      "resolved": "https://unpm.uberinternal.com/@types%2fjszip/-/jszip-3.1.6.tgz",
      "integrity": "sha1-BRJXSis18xlLQXacVuSzUGXmcAA=",
      "requires": {
        "@types/node": "*"
      }
    },
    "@types/node": {
      "version": "12.11.7",
      "resolved": "https://unpm.uberinternal.com/@types%2fnode/-/node-12.11.7.tgz",
      "integrity": "sha1-V2gql3Gj97CcJJfygSmgRilmUko="
    },
    "bluebird": {
      "version": "3.7.1",
      "resolved": "https://unpm.uberinternal.com/bluebird/-/bluebird-3.7.1.tgz",
      "integrity": "sha1-33DjArRx10c0iazyapPWO1P4dN4="
    },
    "core-util-is": {
      "version": "1.0.2",
      "resolved": "https://unpm.uberinternal.com/core-util-is/-/core-util-is-1.0.2.tgz",
      "integrity": "sha1-tf1UIgqivFq1eqtxQMlAdUUDwac="
    },
    "csvtojson": {
      "version": "2.0.10",
      "resolved": "https://unpm.uberinternal.com/csvtojson/-/csvtojson-2.0.10.tgz",
      "integrity": "sha1-EeckLMYw2lTvznlYpF9EMhA1dXQ=",
      "requires": {
        "bluebird": "^3.5.1",
        "lodash": "^4.17.3",
        "strip-bom": "^2.0.0"
      }
    },
    "docx": {
      "version": "5.0.0-rc7",
      "resolved": "https://unpm.uberinternal.com/docx/-/docx-5.0.0-rc7.tgz",
      "integrity": "sha1-6GdBDuNImt4Swz2MAHdK4i0rJi4=",
      "requires": {
        "@types/jszip": "^3.1.4",
        "jszip": "^3.1.5",
        "xml": "^1.0.1",
        "xml-js": "^1.6.8"
      }
    },
    "docxtemplater": {
      "version": "3.14.4",
      "resolved": "https://unpm.uberinternal.com/docxtemplater/-/docxtemplater-3.14.4.tgz",
      "integrity": "sha1-C5jE6W3WtyP9L8JGJ5y6e6dGTvI=",
      "requires": {
        "xmldom": "^0.1.27"
      }
    },
    "dotty": {
      "version": "0.1.0",
      "resolved": "https://unpm.uberinternal.com/dotty/-/dotty-0.1.0.tgz",
      "integrity": "sha1-2jcczZMaNygvj393ra2n1UU5cIo="
    },
    "fs-extra": {
      "version": "8.1.0",
      "resolved": "https://unpm.uberinternal.com/fs-extra/-/fs-extra-8.1.0.tgz",
      "integrity": "sha1-SdQ8RaiM2Wd2aMt74bRu/bjS4cA=",
      "requires": {
        "graceful-fs": "^4.2.0",
        "jsonfile": "^4.0.0",
        "universalify": "^0.1.0"
      }
    },
    "graceful-fs": {
      "version": "4.2.3",
      "resolved": "https://unpm.uberinternal.com/graceful-fs/-/graceful-fs-4.2.3.tgz",
      "integrity": "sha1-ShL/G2A3bvCYYsIJPt2Qgyi+hCM="
    },
    "immediate": {
      "version": "3.0.6",
      "resolved": "https://unpm.uberinternal.com/immediate/-/immediate-3.0.6.tgz",
      "integrity": "sha1-nbHb0Pr43m++D13V5Wu2BigN5ps="
    },
    "inherits": {
      "version": "2.0.4",
      "resolved": "https://unpm.uberinternal.com/inherits/-/inherits-2.0.4.tgz",
      "integrity": "sha1-D6LGT5MpF8NDOg3tVTY6rjdBa3w="
    },
    "is-utf8": {
      "version": "0.2.1",
      "resolved": "https://unpm.uberinternal.com/is-utf8/-/is-utf8-0.2.1.tgz",
      "integrity": "sha1-Sw2hRCEE0bM2NA6AeX6GXPOffXI="
    },
    "isarray": {
      "version": "1.0.0",
      "resolved": "https://unpm.uberinternal.com/isarray/-/isarray-1.0.0.tgz",
      "integrity": "sha1-u5NdSFgsuhaMBoNJV6VKPgcSTxE="
    },
    "jsonfile": {
      "version": "4.0.0",
      "resolved": "https://unpm.uberinternal.com/jsonfile/-/jsonfile-4.0.0.tgz",
      "integrity": "sha1-h3Gq4HmbZAdrdmQPygWPnBDjPss=",
      "requires": {
        "graceful-fs": "^4.1.6"
      }
    },
    "jszip": {
      "version": "3.10.1",
      "resolved": "https://registry.npmjs.org/jszip/-/jszip-3.10.1.tgz",
      "integrity": "sha512-xXDvecyTpGLrqFrvkrUSoxxfJI5AH7U8zxxtVclpsUtMCq4JQ290LY8AW5c7Ggnr/Y/oK+bQMbqK2qmtk3pN4g==",
      "requires": {
        "lie": "~3.3.0",
        "pako": "~1.0.2",
        "readable-stream": "~2.3.6",
        "setimmediate": "^1.0.5"
      }
    },
    "lie": {
      "version": "3.3.0",
      "resolved": "https://unpm.uberinternal.com/lie/-/lie-3.3.0.tgz",
      "integrity": "sha1-3Pgt7lRfRgdNryAMfBxaCOD0D2o=",
      "requires": {
        "immediate": "~3.0.5"
      }
    },
    "lodash": {
      "version": "4.17.15",
      "resolved": "https://unpm.uberinternal.com/lodash/-/lodash-4.17.15.tgz",
      "integrity": "sha1-tEf2ZwoEVbv+7dETku/zMOoJdUg="
    },
    "moment": {
      "version": "2.24.0",
      "resolved": "https://unpm.uberinternal.com/moment/-/moment-2.24.0.tgz",
      "integrity": "sha1-DQVdU/UFKqZTyfbraLtdEr9cK1s="
    },
    "pako": {
      "version": "1.0.10",
      "resolved": "https://unpm.uberinternal.com/pako/-/pako-1.0.10.tgz",
      "integrity": "sha1-Qyi621CGpCaqkPVBl31JVdpclzI="
    },
    "pizzip": {
      "version": "3.0.6",
      "resolved": "https://unpm.uberinternal.com/pizzip/-/pizzip-3.0.6.tgz",
      "integrity": "sha1-IjSFUR+eI6u7KIj9Z3NOEvx4Yag=",
      "requires": {
        "pako": "~1.0.2"
      }
    },
    "process-nextick-args": {
      "version": "2.0.1",
      "resolved": "https://unpm.uberinternal.com/process-nextick-args/-/process-nextick-args-2.0.1.tgz",
      "integrity": "sha1-eCDZsWEgzFXKmud5JoCufbptf+I="
    },
    "readable-stream": {
      "version": "2.3.6",
      "resolved": "https://unpm.uberinternal.com/readable-stream/-/readable-stream-2.3.6.tgz",
      "integrity": "sha1-sRwn2IuP8fvgcGQ8+UsMea4bCq8=",
      "requires": {
        "core-util-is": "~1.0.0",
        "inherits": "~2.0.3",
        "isarray": "~1.0.0",
        "process-nextick-args": "~2.0.0",
        "safe-buffer": "~5.1.1",
        "string_decoder": "~1.1.1",
        "util-deprecate": "~1.0.1"
      }
    },
    "safe-buffer": {
      "version": "5.1.2",
      "resolved": "https://unpm.uberinternal.com/safe-buffer/-/safe-buffer-5.1.2.tgz",
      "integrity": "sha1-mR7GnSluAxN0fVm9/St0XDX4go0="
    },
    "sax": {
      "version": "1.2.4",
      "resolved": "https://unpm.uberinternal.com/sax/-/sax-1.2.4.tgz",
      "integrity": "sha1-KBYjTiN4vdxOU1T6tcqold9xANk="
    },
    "setimmediate": {
      "version": "1.0.5",
      "resolved": "https://registry.npmjs.org/setimmediate/-/setimmediate-1.0.5.tgz",
      "integrity": "sha512-MATJdZp8sLqDl/68LfQmbP8zKPLQNV6BIZoIgrscFDQ+RsvK/BxeDQOgyxKKoh0y/8h3BqVFnCqQ/gd+reiIXA=="
    },
    "string_decoder": {
      "version": "1.1.1",
      "resolved": "https://unpm.uberinternal.com/string_decoder/-/string_decoder-1.1.1.tgz",
      "integrity": "sha1-nPFhG6YmhdcDCunkujQUnDrwP8g=",
      "requires": {
        "safe-buffer": "~5.1.0"
      }
    },
    "strip-bom": {
      "version": "2.0.0",
      "resolved": "https://unpm.uberinternal.com/strip-bom/-/strip-bom-2.0.0.tgz",
      "integrity": "sha1-YhmoVhZSBJHzV4i9vxRHqZx+aw4=",
      "requires": {
        "is-utf8": "^0.2.0"
      }
    },
    "universalify": {
      "version": "0.1.2",
      "resolved": "https://unpm.uberinternal.com/universalify/-/universalify-0.1.2.tgz",
      "integrity": "sha1-tkb2m+OULavOzJ1mOcgNwQXvqmY="
    },
    "util-deprecate": {
      "version": "1.0.2",
      "resolved": "https://unpm.uberinternal.com/util-deprecate/-/util-deprecate-1.0.2.tgz",
      "integrity": "sha1-RQ1Nyfpw3nMnYvvS1KKJgUGaDM8="
    },
    "xml": {
      "version": "1.0.1",
      "resolved": "https://unpm.uberinternal.com/xml/-/xml-1.0.1.tgz",
      "integrity": "sha1-eLpyAgApxbyHuKgaPPzXS0ovweU="
    },
    "xml-js": {
      "version": "1.6.11",
      "resolved": "https://unpm.uberinternal.com/xml-js/-/xml-js-1.6.11.tgz",
      "integrity": "sha1-kn0vaUf38cGaMW3Y7qNhTosY+Ok=",
      "requires": {
        "sax": "^1.2.4"
      }
    },
    "xmldom": {
      "version": "0.1.27",
      "resolved": "https://unpm.uberinternal.com/xmldom/-/xmldom-0.1.27.tgz",
      "integrity": "sha1-1QH5ezvbQDr4757MIFcxh6rawOk="
    }
  }
}
